
Microsoft Visual Studio Solution File, Format Version 12.00
# Visual Studio Version 16
VisualStudioVersion = 16.0.29806.167
MinimumVisualStudioVersion = 10.0.40219.1
Project("{FAE04EC0-301F-11D3-BF4B-00C04F79EFBC}") = "01_CafeClass", "01_Cafe\01_CafeClass.csproj", "{218B9EEE-2D7F-4177-A929-C6BA7DA97600}"
EndProject
Project("{FAE04EC0-301F-11D3-BF4B-00C04F79EFBC}") = "01_CafeTest", "01_CafeTest\01_CafeTest.csproj", "{53E0277A-769C-42DB-9E84-7101C6A27F0F}"
EndProject
Project("{FAE04EC0-301F-11D3-BF4B-00C04F79EFBC}") = "01_CafeConsole", "01_CafeConsole\01_CafeConsole.csproj", "{40339F43-206F-4027-BFD2-3207E7807FFB}"
EndProject
Project("{2150E333-8FDC-42A3-9474-1A3956D46DE8}") = "01_Cafe", "01_Cafe", "{2F05757F-E57E-480F-8CAF-4932E096BD21}"
EndProject
Project("{2150E333-8FDC-42A3-9474-1A3956D46DE8}") = "02_Claims", "02_Claims", "{F0B42398-4B43-4009-ADC2-0DE8D07D204C}"
EndProject
Project("{FAE04EC0-301F-11D3-BF4B-00C04F79EFBC}") = "02_ClaimConsole", "02_ClaimConsole\02_ClaimConsole.csproj", "{675B5A4A-3250-4C3E-82B5-AE7308C2B9B5}"
EndProject
Project("{FAE04EC0-301F-11D3-BF4B-00C04F79EFBC}") = "02_ClaimTest", "02_ClaimTest\02_ClaimTest.csproj", "{12371A83-0ADD-423A-AE1E-ACD5B9629771}"
EndProject
Project("{FAE04EC0-301F-11D3-BF4B-00C04F79EFBC}") = "02_ClaimClass", "02_ClaimClass\02_ClaimClass.csproj", "{93D09FE2-6F20-4AEB-89BA-44C5B10E38A7}"
EndProject
Project("{2150E333-8FDC-42A3-9474-1A3956D46DE8}") = "03_Badges", "03_Badges", "{361ACD02-C178-4E7D-8D43-E9B0111CC282}"
EndProject
Project("{FAE04EC0-301F-11D3-BF4B-00C04F79EFBC}") = "03_BadgeClass", "03_BadgeClass\03_BadgeClass.csproj", "{0B621C68-DC18-4F0F-BF36-1C075B4AD391}"
EndProject
Project("{FAE04EC0-301F-11D3-BF4B-00C04F79EFBC}") = "03_BadgeTest", "03_BadgeTest\03_BadgeTest.csproj", "{AF6A4DFD-C9E6-4EBD-8081-609D9BCD8C7F}"
EndProject
Project("{FAE04EC0-301F-11D3-BF4B-00C04F79EFBC}") = "03_BadgeConsole", "03_BadgeConsole\03_BadgeConsole.csproj", "{358367EC-8214-433B-8322-824F994AEC2C}"
EndProject
Global
	GlobalSection(SolutionConfigurationPlatforms) = preSolution
		Debug|Any CPU = Debug|Any CPU
		Release|Any CPU = Release|Any CPU
	EndGlobalSection
	GlobalSection(ProjectConfigurationPlatforms) = postSolution
		{218B9EEE-2D7F-4177-A929-C6BA7DA97600}.Debug|Any CPU.ActiveCfg = Debug|Any CPU
		{218B9EEE-2D7F-4177-A929-C6BA7DA97600}.Debug|Any CPU.Build.0 = Debug|Any CPU
		{218B9EEE-2D7F-4177-A929-C6BA7DA97600}.Release|Any CPU.ActiveCfg = Release|Any CPU
		{218B9EEE-2D7F-4177-A929-C6BA7DA97600}.Release|Any CPU.Build.0 = Release|Any CPU
		{53E0277A-769C-42DB-9E84-7101C6A27F0F}.Debug|Any CPU.ActiveCfg = Debug|Any CPU
		{53E0277A-769C-42DB-9E84-7101C6A27F0F}.Debug|Any CPU.Build.0 = Debug|Any CPU
		{53E0277A-769C-42DB-9E84-7101C6A27F0F}.Release|Any CPU.ActiveCfg = Release|Any CPU
		{53E0277A-769C-42DB-9E84-7101C6A27F0F}.Release|Any CPU.Build.0 = Release|Any CPU
		{40339F43-206F-4027-BFD2-3207E7807FFB}.Debug|Any CPU.ActiveCfg = Debug|Any CPU
		{40339F43-206F-4027-BFD2-3207E7807FFB}.Debug|Any CPU.Build.0 = Debug|Any CPU
		{40339F43-206F-4027-BFD2-3207E7807FFB}.Release|Any CPU.ActiveCfg = Release|Any CPU
		{40339F43-206F-4027-BFD2-3207E7807FFB}.Release|Any CPU.Build.0 = Release|Any CPU
		{675B5A4A-3250-4C3E-82B5-AE7308C2B9B5}.Debug|Any CPU.ActiveCfg = Debug|Any CPU
		{675B5A4A-3250-4C3E-82B5-AE7308C2B9B5}.Debug|Any CPU.Build.0 = Debug|Any CPU
		{675B5A4A-3250-4C3E-82B5-AE7308C2B9B5}.Release|Any CPU.ActiveCfg = Release|Any CPU
		{675B5A4A-3250-4C3E-82B5-AE7308C2B9B5}.Release|Any CPU.Build.0 = Release|Any CPU
		{12371A83-0ADD-423A-AE1E-ACD5B9629771}.Debug|Any CPU.ActiveCfg = Debug|Any CPU
		{12371A83-0ADD-423A-AE1E-ACD5B9629771}.Debug|Any CPU.Build.0 = Debug|Any CPU
		{12371A83-0ADD-423A-AE1E-ACD5B9629771}.Release|Any CPU.ActiveCfg = Release|Any CPU
		{12371A83-0ADD-423A-AE1E-ACD5B9629771}.Release|Any CPU.Build.0 = Release|Any CPU
		{93D09FE2-6F20-4AEB-89BA-44C5B10E38A7}.Debug|Any CPU.ActiveCfg = Debug|Any CPU
		{93D09FE2-6F20-4AEB-89BA-44C5B10E38A7}.Debug|Any CPU.Build.0 = Debug|Any CPU
		{93D09FE2-6F20-4AEB-89BA-44C5B10E38A7}.Release|Any CPU.ActiveCfg = Release|Any CPU
		{93D09FE2-6F20-4AEB-89BA-44C5B10E38A7}.Release|Any CPU.Build.0 = Release|Any CPU
		{0B621C68-DC18-4F0F-BF36-1C075B4AD391}.Debug|Any CPU.ActiveCfg = Debug|Any CPU
		{0B621C68-DC18-4F0F-BF36-1C075B4AD391}.Debug|Any CPU.Build.0 = Debug|Any CPU
		{0B621C68-DC18-4F0F-BF36-1C075B4AD391}.Release|Any CPU.ActiveCfg = Release|Any CPU
		{0B621C68-DC18-4F0F-BF36-1C075B4AD391}.Release|Any CPU.Build.0 = Release|Any CPU
		{AF6A4DFD-C9E6-4EBD-8081-609D9BCD8C7F}.Debug|Any CPU.ActiveCfg = Debug|Any CPU
		{AF6A4DFD-C9E6-4EBD-8081-609D9BCD8C7F}.Debug|Any CPU.Build.0 = Debug|Any CPU
		{AF6A4DFD-C9E6-4EBD-8081-609D9BCD8C7F}.Release|Any CPU.ActiveCfg = Release|Any CPU
		{AF6A4DFD-C9E6-4EBD-8081-609D9BCD8C7F}.Release|Any CPU.Build.0 = Release|Any CPU
		{358367EC-8214-433B-8322-824F994AEC2C}.Debug|Any CPU.ActiveCfg = Debug|Any CPU
		{358367EC-8214-433B-8322-824F994AEC2C}.Debug|Any CPU.Build.0 = Debug|Any CPU
		{358367EC-8214-433B-8322-824F994AEC2C}.Release|Any CPU.ActiveCfg = Release|Any CPU
		{358367EC-8214-433B-8322-824F994AEC2C}.Release|Any CPU.Build.0 = Release|Any CPU
	EndGlobalSection
	GlobalSection(SolutionProperties) = preSolution
		HideSolutionNode = FALSE
	EndGlobalSection
	GlobalSection(NestedProjects) = preSolution
		{218B9EEE-2D7F-4177-A929-C6BA7DA97600} = {2F05757F-E57E-480F-8CAF-4932E096BD21}
		{53E0277A-769C-42DB-9E84-7101C6A27F0F} = {2F05757F-E57E-480F-8CAF-4932E096BD21}
		{40339F43-206F-4027-BFD2-3207E7807FFB} = {2F05757F-E57E-480F-8CAF-4932E096BD21}
		{675B5A4A-3250-4C3E-82B5-AE7308C2B9B5} = {F0B42398-4B43-4009-ADC2-0DE8D07D204C}
		{12371A83-0ADD-423A-AE1E-ACD5B9629771} = {F0B42398-4B43-4009-ADC2-0DE8D07D204C}
		{93D09FE2-6F20-4AEB-89BA-44C5B10E38A7} = {F0B42398-4B43-4009-ADC2-0DE8D07D204C}
		{0B621C68-DC18-4F0F-BF36-1C075B4AD391} = {361ACD02-C178-4E7D-8D43-E9B0111CC282}
		{AF6A4DFD-C9E6-4EBD-8081-609D9BCD8C7F} = {361ACD02-C178-4E7D-8D43-E9B0111CC282}
		{358367EC-8214-433B-8322-824F994AEC2C} = {361ACD02-C178-4E7D-8D43-E9B0111CC282}
	EndGlobalSection
	GlobalSection(ExtensibilityGlobals) = postSolution
		SolutionGuid = {5A4561AC-B49B-4B3D-9EF1-704C4FDA2B90}
	EndGlobalSection
EndGlobal
